
Microsoft Visual Studio Solution File, Format Version 12.00
# Visual Studio 2013
VisualStudioVersion = 12.0.21005.1
MinimumVisualStudioVersion = 10.0.40219.1
Project("{8BC9CEB8-8B4A-11D0-8D11-00A0C91BC942}") = "test-1-29", "test-1-29\test-1-29.vcxproj", "{D79022D6-7C8F-4E66-81A1-5BA9687A6BDA}"
EndProject
Project("{8BC9CEB8-8B4A-11D0-8D11-00A0C91BC942}") = "test-1-29-2", "Project1\Project1.vcxproj", "{B1A0E9D8-6941-4EFE-ABA3-039BF00589A2}"
EndProject
Global
	GlobalSection(SolutionConfigurationPlatforms) = preSolution
		Debug|Win32 = Debug|Win32
		Release|Win32 = Release|Win32
	EndGlobalSection
	GlobalSection(ProjectConfigurationPlatforms) = postSolution
		{D79022D6-7C8F-4E66-81A1-5BA9687A6BDA}.Debug|Win32.ActiveCfg = Debug|Win32
		{D79022D6-7C8F-4E66-81A1-5BA9687A6BDA}.Debug|Win32.Build.0 = Debug|Win32
		{D79022D6-7C8F-4E66-81A1-5BA9687A6BDA}.Release|Win32.ActiveCfg = Release|Win32
		{D79022D6-7C8F-4E66-81A1-5BA9687A6BDA}.Release|Win32.Build.0 = Release|Win32
		{B1A0E9D8-6941-4EFE-ABA3-039BF00589A2}.Debug|Win32.ActiveCfg = Debug|Win32
		{B1A0E9D8-6941-4EFE-ABA3-039BF00589A2}.Debug|Win32.Build.0 = Debug|Win32
		{B1A0E9D8-6941-4EFE-ABA3-039BF00589A2}.Release|Win32.ActiveCfg = Release|Win32
		{B1A0E9D8-6941-4EFE-ABA3-039BF00589A2}.Release|Win32.Build.0 = Release|Win32
	EndGlobalSection
	GlobalSection(SolutionProperties) = preSolution
		HideSolutionNode = FALSE
	EndGlobalSection
EndGlobal
